
Microsoft Visual Studio Solution File, Format Version 11.00
# Visual Studio 2010
Project("{FAE04EC0-301F-11D3-BF4B-00C04F79EFBC}") = "Assembly-CSharp", "Assembly-CSharp.csproj", "{D38BCC5E-2FF2-5B0D-E148-62B43862B26F}"
EndProject
Project("{FAE04EC0-301F-11D3-BF4B-00C04F79EFBC}") = "Assembly-CSharp-Editor", "Assembly-CSharp-Editor.csproj", "{81E8D914-C387-E828-5960-CB05F0DED0D9}"
EndProject
Global
	GlobalSection(SolutionConfigurationPlatforms) = preSolution
		Debug|Any CPU = Debug|Any CPU
		Release|Any CPU = Release|Any CPU
	EndGlobalSection
	GlobalSection(ProjectConfigurationPlatforms) = postSolution
		{D38BCC5E-2FF2-5B0D-E148-62B43862B26F}.Debug|Any CPU.ActiveCfg = Debug|Any CPU
		{D38BCC5E-2FF2-5B0D-E148-62B43862B26F}.Debug|Any CPU.Build.0 = Debug|Any CPU
		{D38BCC5E-2FF2-5B0D-E148-62B43862B26F}.Release|Any CPU.ActiveCfg = Release|Any CPU
		{D38BCC5E-2FF2-5B0D-E148-62B43862B26F}.Release|Any CPU.Build.0 = Release|Any CPU
		{81E8D914-C387-E828-5960-CB05F0DED0D9}.Debug|Any CPU.ActiveCfg = Debug|Any CPU
		{81E8D914-C387-E828-5960-CB05F0DED0D9}.Debug|Any CPU.Build.0 = Debug|Any CPU
		{81E8D914-C387-E828-5960-CB05F0DED0D9}.Release|Any CPU.ActiveCfg = Release|Any CPU
		{81E8D914-C387-E828-5960-CB05F0DED0D9}.Release|Any CPU.Build.0 = Release|Any CPU
	EndGlobalSection
	GlobalSection(SolutionProperties) = preSolution
		HideSolutionNode = FALSE
	EndGlobalSection
	GlobalSection(MonoDevelopProperties) = preSolution
		StartupItem = Assembly-CSharp.csproj
	EndGlobalSection
EndGlobal
